lockfileVersion: '6.0'

settings:
  autoInstallPeers: true
  excludeLinksFromLockfile: false

dependencies:
  date-fns-tz:
    specifier: ^2.0.0
    version: 2.0.0(date-fns@2.30.0)
  typescript:
    specifier: ^5.0.0
    version: 5.2.2

devDependencies:
  bun-types:
    specifier: latest
    version: 1.0.7

packages:

  /@babel/runtime@7.23.2:
    resolution: {integrity: sha512-mM8eg4yl5D6i3lu2QKPuPH4FArvJ8KhTofbE7jwMUv9KX5mBvwPAqnV3MlyBNqdp9RyRKP6Yck8TrfYrPvX3bg==}
    engines: {node: '>=6.9.0'}
    dependencies:
      regenerator-runtime: 0.14.0
    dev: false

  /bun-types@1.0.7:
    resolution: {integrity: sha512-zlIp+SCutbbugs6xDy+3WC3KO3zKySpF/bRfiTk/VJUdKt+WHAzlCtLplS7XglRYDFzhRhlzXMW/R5BHkw+u2Q==}
    dev: true

  /date-fns-tz@2.0.0(date-fns@2.30.0):
    resolution: {integrity: sha512-OAtcLdB9vxSXTWHdT8b398ARImVwQMyjfYGkKD2zaGpHseG2UPHbHjXELReErZFxWdSLph3c2zOaaTyHfOhERQ==}
    peerDependencies:
      date-fns: '>=2.0.0'
    dependencies:
      date-fns: 2.30.0
    dev: false

  /date-fns@2.30.0:
    resolution: {integrity: sha512-fnULvOpxnC5/Vg3NCiWelDsLiUc9bRwAPs/+LfTLNvetFCtCTN+yQz15C/fs4AwX1R9K5GLtLfn8QW+dWisaAw==}
    engines: {node: '>=0.11'}
    dependencies:
      '@babel/runtime': 7.23.2
    dev: false

  /regenerator-runtime@0.14.0:
    resolution: {integrity: sha512-srw17NI0TUWHuGa5CFGGmhfNIeja30WMBfbslPNhf6JrqQlLN5gcrvig1oqPxiVaXb0oW0XRKtH6Nngs5lKCIA==}
    dev: false

  /typescript@5.2.2:
    resolution: {integrity: sha512-mI4WrpHsbCIcwT9cF4FZvr80QUeKvsUsUvKDoR+X/7XHQH98xYD8YHZg7ANtz2GtZt/CBq2QJ0thkGJMHfqc1w==}
    engines: {node: '>=14.17'}
    hasBin: true
    dev: false
